
Microsoft Visual Studio Solution File, Format Version 12.00
# Visual Studio Version 16
VisualStudioVersion = 16.0.31613.86
MinimumVisualStudioVersion = 10.0.40219.1
Project("{FAE04EC0-301F-11D3-BF4B-00C04F79EFBC}") = "ex8-gameTime", "ex8-gameTime.csproj", "{B3D3AAAD-7778-4536-AF8F-A245BC32F85C}"
EndProject
Global
	GlobalSection(SolutionConfigurationPlatforms) = preSolution
		Debug|Any CPU = Debug|Any CPU
		Release|Any CPU = Release|Any CPU
	EndGlobalSection
	GlobalSection(ProjectConfigurationPlatforms) = postSolution
		{B3D3AAAD-7778-4536-AF8F-A245BC32F85C}.Debug|Any CPU.ActiveCfg = Debug|Any CPU
		{B3D3AAAD-7778-4536-AF8F-A245BC32F85C}.Debug|Any CPU.Build.0 = Debug|Any CPU
		{B3D3AAAD-7778-4536-AF8F-A245BC32F85C}.Release|Any CPU.ActiveCfg = Release|Any CPU
		{B3D3AAAD-7778-4536-AF8F-A245BC32F85C}.Release|Any CPU.Build.0 = Release|Any CPU
	EndGlobalSection
	GlobalSection(SolutionProperties) = preSolution
		HideSolutionNode = FALSE
	EndGlobalSection
	GlobalSection(ExtensibilityGlobals) = postSolution
		SolutionGuid = {225222FC-9945-4A06-AB7E-A6A1195C8A4D}
	EndGlobalSection
EndGlobal
